<?xml version="1.0" encoding="utf-8"?>
<Project ToolsVersion="4.0" xmlns="http://schemas.microsoft.com/developer/msbuild/2003">
  <ItemGroup>
    <ClCompile Include="pch.cpp">
      <Filter>Main</Filter>
    </ClCompile>
    <ClCompile Include="GameServer.cpp">
      <Filter>Main</Filter>
    </ClCompile>
    <ClCompile Include="ClientSession.cpp">
      <Filter>Main</Filter>
    </ClCompile>
    <ClCompile Include="ClientSessionManager.cpp">
      <Filter>Main</Filter>
    </ClCompile>
    <ClCompile Include="Room.cpp">
      <Filter>GameContent</Filter>
    </ClCompile>
    <ClCompile Include="ServerPacketHandler.cpp">
      <Filter>Main</Filter>
    </ClCompile>
    <ClCompile Include="Actor.cpp">
      <Filter>GameContent</Filter>
    </ClCompile>
    <ClCompile Include="Object.cpp">
      <Filter>GameContent</Filter>
    </ClCompile>
    <ClCompile Include="CharacterBase.cpp">
      <Filter>GameContent</Filter>
    </ClCompile>
    <ClCompile Include="PlayerCharacter.cpp">
      <Filter>GameContent</Filter>
    </ClCompile>
    <ClCompile Include="ObjectManager.cpp">
      <Filter>GameContent</Filter>
    </ClCompile>
    <ClCompile Include="Struct.pb.cc">
      <Filter>Network</Filter>
    </ClCompile>
    <ClCompile Include="Enum.pb.cc">
      <Filter>Network</Filter>
    </ClCompile>
    <ClCompile Include="Protocol.pb.cc">
      <Filter>Network</Filter>
    </ClCompile>
    <ClCompile Include="Utils.cpp">
      <Filter>Main</Filter>
    </ClCompile>
  </ItemGroup>
  <ItemGroup>
    <Filter Include="GameContent">
      <UniqueIdentifier>{c0911071-2220-4eb6-b06b-ca4a445c896e}</UniqueIdentifier>
    </Filter>
    <Filter Include="Main">
      <UniqueIdentifier>{62b59775-2a99-4f3f-9206-42506eb3d928}</UniqueIdentifier>
    </Filter>
    <Filter Include="Protocol">
      <UniqueIdentifier>{fe3abf75-14a3-413f-b684-fc3c86b2b414}</UniqueIdentifier>
    </Filter>
    <Filter Include="Network">
      <UniqueIdentifier>{5344a520-69ed-4294-8b7c-513f51b1bc3c}</UniqueIdentifier>
    </Filter>
  </ItemGroup>
  <ItemGroup>
    <ClInclude Include="pch.h">
      <Filter>Main</Filter>
    </ClInclude>
    <ClInclude Include="ClientSession.h">
      <Filter>Main</Filter>
    </ClInclude>
    <ClInclude Include="ClientSessionManager.h">
      <Filter>Main</Filter>
    </ClInclude>
    <ClInclude Include="Room.h">
      <Filter>GameContent</Filter>
    </ClInclude>
    <ClInclude Include="ServerPacketHandler.h">
      <Filter>Main</Filter>
    </ClInclude>
    <ClInclude Include="Actor.h">
      <Filter>GameContent</Filter>
    </ClInclude>
    <ClInclude Include="Object.h">
      <Filter>GameContent</Filter>
    </ClInclude>
    <ClInclude Include="CharacterBase.h">
      <Filter>GameContent</Filter>
    </ClInclude>
    <ClInclude Include="PlayerCharacter.h">
      <Filter>GameContent</Filter>
    </ClInclude>
    <ClInclude Include="ObjectManager.h">
      <Filter>GameContent</Filter>
    </ClInclude>
    <ClInclude Include="Struct.pb.h">
      <Filter>Network</Filter>
    </ClInclude>
    <ClInclude Include="Enum.pb.h">
      <Filter>Network</Filter>
    </ClInclude>
    <ClInclude Include="Protocol.pb.h">
      <Filter>Network</Filter>
    </ClInclude>
    <ClInclude Include="Utils.h">
      <Filter>Main</Filter>
    </ClInclude>
  </ItemGroup>
  <ItemGroup>
    <None Include="..\Common\protoc-21.12-win64\bin\Enum.proto">
      <Filter>Protocol</Filter>
    </None>
    <None Include="..\Common\protoc-21.12-win64\bin\GenPackets.bat">
      <Filter>Protocol</Filter>
    </None>
    <None Include="..\Common\protoc-21.12-win64\bin\Protocol.proto">
      <Filter>Protocol</Filter>
    </None>
    <None Include="..\Common\protoc-21.12-win64\bin\Struct.proto">
      <Filter>Protocol</Filter>
    </None>
  </ItemGroup>
</Project>